
Microsoft Visual Studio Solution File, Format Version 12.00
# Visual Studio Version 17
VisualStudioVersion = 17.2.32526.322
MinimumVisualStudioVersion = 10.0.40219.1
Project("{FAE04EC0-301F-11D3-BF4B-00C04F79EFBC}") = "ApiCoreCrudDoctores", "ApiCoreCrudDoctores\ApiCoreCrudDoctores.csproj", "{77537C97-34E1-4502-A278-3B8B8F906EA1}"
EndProject
Global
	GlobalSection(SolutionConfigurationPlatforms) = preSolution
		Debug|Any CPU = Debug|Any CPU
		Release|Any CPU = Release|Any CPU
	EndGlobalSection
	GlobalSection(ProjectConfigurationPlatforms) = postSolution
		{77537C97-34E1-4502-A278-3B8B8F906EA1}.Debug|Any CPU.ActiveCfg = Debug|Any CPU
		{77537C97-34E1-4502-A278-3B8B8F906EA1}.Debug|Any CPU.Build.0 = Debug|Any CPU
		{77537C97-34E1-4502-A278-3B8B8F906EA1}.Release|Any CPU.ActiveCfg = Release|Any CPU
		{77537C97-34E1-4502-A278-3B8B8F906EA1}.Release|Any CPU.Build.0 = Release|Any CPU
	EndGlobalSection
	GlobalSection(SolutionProperties) = preSolution
		HideSolutionNode = FALSE
	EndGlobalSection
	GlobalSection(ExtensibilityGlobals) = postSolution
		SolutionGuid = {1AF1EA7F-FF58-4703-B199-87955E49E477}
	EndGlobalSection
EndGlobal
